schema: '2.0'
stages:
  ml_pipe:
    cmd: python src/main_exp.py
    deps:
    - path: data/raw/test.csv
      hash: md5
      md5: dcec4b79bf9c7317bd9e17789bf888f0
      size: 451405
    - path: data/raw/train.csv
      hash: md5
      md5: 186cabff9fdfb826d06487de01b5eeb4
      size: 216883
    - path: src/main_exp.py
      hash: md5
      md5: 699df26cc56599d9676c9159f2debcfa
      size: 2721
    params:
      params.yaml:
        model.early_stopping_rounds: 50
        split.test_size: 0.8
    outs:
    - path: metrics/metrics.json
      hash: md5
      md5: 84ba4baf6ce4888bac7518cea42e6395
      size: 70
    - path: out/processed_data.csv
      hash: md5
      md5: 3301640b1e9313e3a2823eb292c355a5
      size: 34467
